
Microsoft Visual Studio Solution File, Format Version 12.00
# Visual Studio 2015
Project("{FAE04EC0-301F-11D3-BF4B-00C04F79EFBC}") = "LotteryRandom.CSharp", "LotteryRandom.CSharp.csproj", "{72E3E4FA-455F-5F2C-C2AF-4CDFFB5F2544}"
EndProject
Project("{FAE04EC0-301F-11D3-BF4B-00C04F79EFBC}") = "LotteryRandom.CSharp.Editor", "LotteryRandom.CSharp.Editor.csproj", "{A8B533AC-CCEB-B183-4DE9-506F1629812D}"
EndProject
Global
	GlobalSection(SolutionConfigurationPlatforms) = preSolution
		Debug|Any CPU = Debug|Any CPU
		Release|Any CPU = Release|Any CPU
	EndGlobalSection
	GlobalSection(ProjectConfigurationPlatforms) = postSolution
		{72E3E4FA-455F-5F2C-C2AF-4CDFFB5F2544}.Debug|Any CPU.ActiveCfg = Debug|Any CPU
		{72E3E4FA-455F-5F2C-C2AF-4CDFFB5F2544}.Debug|Any CPU.Build.0 = Debug|Any CPU
		{72E3E4FA-455F-5F2C-C2AF-4CDFFB5F2544}.Release|Any CPU.ActiveCfg = Release|Any CPU
		{72E3E4FA-455F-5F2C-C2AF-4CDFFB5F2544}.Release|Any CPU.Build.0 = Release|Any CPU
		{A8B533AC-CCEB-B183-4DE9-506F1629812D}.Debug|Any CPU.ActiveCfg = Debug|Any CPU
		{A8B533AC-CCEB-B183-4DE9-506F1629812D}.Debug|Any CPU.Build.0 = Debug|Any CPU
		{A8B533AC-CCEB-B183-4DE9-506F1629812D}.Release|Any CPU.ActiveCfg = Release|Any CPU
		{A8B533AC-CCEB-B183-4DE9-506F1629812D}.Release|Any CPU.Build.0 = Release|Any CPU
	EndGlobalSection
	GlobalSection(SolutionProperties) = preSolution
		HideSolutionNode = FALSE
	EndGlobalSection
EndGlobal
